
Microsoft Visual Studio Solution File, Format Version 12.00
# Visual Studio Version 17
VisualStudioVersion = 17.4.33122.133
MinimumVisualStudioVersion = 10.0.40219.1
Project("{9A19103F-16F7-4668-BE54-9A1E7A4F7556}") = "Boilerplate", "Boilerplate\Boilerplate.csproj", "{B5F301E8-5FC2-453D-B837-DAFE9D9EF3AE}"
EndProject
Project("{2150E333-8FDC-42A3-9474-1A3956D46DE8}") = "Core", "Core", "{C13FE79E-3563-49C9-B037-8A12590E6274}"
EndProject
Project("{9A19103F-16F7-4668-BE54-9A1E7A4F7556}") = "Domain", "Domain\Domain.csproj", "{7F746259-DE94-4E5A-BE68-3D924E2DCEEF}"
EndProject
Project("{9A19103F-16F7-4668-BE54-9A1E7A4F7556}") = "Services", "Services\Services.csproj", "{5B81A984-116F-4FE7-8543-9C3FA8BBB5F0}"
EndProject
Project("{9A19103F-16F7-4668-BE54-9A1E7A4F7556}") = "Services.Abstractions", "Services.Abstractions\Services.Abstractions.csproj", "{4A809354-01CE-4BD4-A1D2-1BF7EA377366}"
EndProject
Project("{2150E333-8FDC-42A3-9474-1A3956D46DE8}") = "Persistence", "Persistence", "{B8489BB9-4E2A-4F98-84F5-14FA39F22881}"
EndProject
Project("{9A19103F-16F7-4668-BE54-9A1E7A4F7556}") = "Persistence", "Persistence\Persistence.csproj", "{558BBE00-CB95-4B8E-A91D-ABEBCAF7DDC7}"
EndProject
Global
	GlobalSection(SolutionConfigurationPlatforms) = preSolution
		Debug|Any CPU = Debug|Any CPU
		Release|Any CPU = Release|Any CPU
	EndGlobalSection
	GlobalSection(ProjectConfigurationPlatforms) = postSolution
		{B5F301E8-5FC2-453D-B837-DAFE9D9EF3AE}.Debug|Any CPU.ActiveCfg = Debug|Any CPU
		{B5F301E8-5FC2-453D-B837-DAFE9D9EF3AE}.Debug|Any CPU.Build.0 = Debug|Any CPU
		{B5F301E8-5FC2-453D-B837-DAFE9D9EF3AE}.Release|Any CPU.ActiveCfg = Release|Any CPU
		{B5F301E8-5FC2-453D-B837-DAFE9D9EF3AE}.Release|Any CPU.Build.0 = Release|Any CPU
		{7F746259-DE94-4E5A-BE68-3D924E2DCEEF}.Debug|Any CPU.ActiveCfg = Debug|Any CPU
		{7F746259-DE94-4E5A-BE68-3D924E2DCEEF}.Debug|Any CPU.Build.0 = Debug|Any CPU
		{7F746259-DE94-4E5A-BE68-3D924E2DCEEF}.Release|Any CPU.ActiveCfg = Release|Any CPU
		{7F746259-DE94-4E5A-BE68-3D924E2DCEEF}.Release|Any CPU.Build.0 = Release|Any CPU
		{5B81A984-116F-4FE7-8543-9C3FA8BBB5F0}.Debug|Any CPU.ActiveCfg = Debug|Any CPU
		{5B81A984-116F-4FE7-8543-9C3FA8BBB5F0}.Debug|Any CPU.Build.0 = Debug|Any CPU
		{5B81A984-116F-4FE7-8543-9C3FA8BBB5F0}.Release|Any CPU.ActiveCfg = Release|Any CPU
		{5B81A984-116F-4FE7-8543-9C3FA8BBB5F0}.Release|Any CPU.Build.0 = Release|Any CPU
		{4A809354-01CE-4BD4-A1D2-1BF7EA377366}.Debug|Any CPU.ActiveCfg = Debug|Any CPU
		{4A809354-01CE-4BD4-A1D2-1BF7EA377366}.Debug|Any CPU.Build.0 = Debug|Any CPU
		{4A809354-01CE-4BD4-A1D2-1BF7EA377366}.Release|Any CPU.ActiveCfg = Release|Any CPU
		{4A809354-01CE-4BD4-A1D2-1BF7EA377366}.Release|Any CPU.Build.0 = Release|Any CPU
		{558BBE00-CB95-4B8E-A91D-ABEBCAF7DDC7}.Debug|Any CPU.ActiveCfg = Debug|Any CPU
		{558BBE00-CB95-4B8E-A91D-ABEBCAF7DDC7}.Debug|Any CPU.Build.0 = Debug|Any CPU
		{558BBE00-CB95-4B8E-A91D-ABEBCAF7DDC7}.Release|Any CPU.ActiveCfg = Release|Any CPU
		{558BBE00-CB95-4B8E-A91D-ABEBCAF7DDC7}.Release|Any CPU.Build.0 = Release|Any CPU
	EndGlobalSection
	GlobalSection(SolutionProperties) = preSolution
		HideSolutionNode = FALSE
	EndGlobalSection
	GlobalSection(NestedProjects) = preSolution
		{7F746259-DE94-4E5A-BE68-3D924E2DCEEF} = {C13FE79E-3563-49C9-B037-8A12590E6274}
		{5B81A984-116F-4FE7-8543-9C3FA8BBB5F0} = {C13FE79E-3563-49C9-B037-8A12590E6274}
		{4A809354-01CE-4BD4-A1D2-1BF7EA377366} = {C13FE79E-3563-49C9-B037-8A12590E6274}
		{558BBE00-CB95-4B8E-A91D-ABEBCAF7DDC7} = {B8489BB9-4E2A-4F98-84F5-14FA39F22881}
	EndGlobalSection
	GlobalSection(ExtensibilityGlobals) = postSolution
		SolutionGuid = {81F4DBA8-B193-4E72-9CDE-4946B319B307}
	EndGlobalSection
EndGlobal
